<?xml version="1.0" encoding="utf-8"?>
<Project ToolsVersion="4.0" xmlns="http://schemas.microsoft.com/developer/msbuild/2003">
  <ItemGroup>
    <Filter Include="Source Files">
      <UniqueIdentifier>{4FC737F1-C7A5-4376-A066-2A32D752A2FF}</UniqueIdentifier>
      <Extensions>cpp;c;cc;cxx;c++;cppm;ixx;def;odl;idl;hpj;bat;asm;asmx</Extensions>
    </Filter>
    <Filter Include="Header Files">
      <UniqueIdentifier>{93995380-89BD-4b04-88EB-625FBE52EBFB}</UniqueIdentifier>
      <Extensions>h;hh;hpp;hxx;h++;hm;inl;inc;ipp;xsd</Extensions>
    </Filter>
    <Filter Include="Resource Files">
      <UniqueIdentifier>{67DA6AB6-F800-4c08-8B7A-83BB121AAD01}</UniqueIdentifier>
      <Extensions>rc;ico;cur;bmp;dlg;rc2;rct;bin;rgs;gif;jpg;jpeg;jpe;resx;tiff;tif;png;wav;mfcribbon-ms</Extensions>
    </Filter>
    <Filter Include="Header Files\Viewports">
      <UniqueIdentifier>{2dd452de-a942-4b95-9da5-71628409fa1c}</UniqueIdentifier>
    </Filter>
    <Filter Include="Source Files\Viewports">
      <UniqueIdentifier>{98b6f1b5-8435-471e-8433-fd0704912aa5}</UniqueIdentifier>
    </Filter>
    <Filter Include="Header Files\Exporters">
      <UniqueIdentifier>{bf80d05d-9d92-4ee5-9fd2-26feeb793ae8}</UniqueIdentifier>
    </Filter>
    <Filter Include="Header Files\MiniXml">
      <UniqueIdentifier>{04549dc9-362d-4c4f-9c95-149e708c8da0}</UniqueIdentifier>
    </Filter>
    <Filter Include="Header Files\GVFramework">
      <UniqueIdentifier>{5e6df636-fe9c-440f-8aaa-a2e952189f0c}</UniqueIdentifier>
    </Filter>
    <Filter Include="Header Files\SDL3">
      <UniqueIdentifier>{0d880042-02c7-47c4-9cb3-4335bbd9ba85}</UniqueIdentifier>
    </Filter>
    <Filter Include="Header Files\GVFramework\Chunk">
      <UniqueIdentifier>{ae31124b-fd6f-4c54-8f3e-f88b42af19d2}</UniqueIdentifier>
    </Filter>
    <Filter Include="Header Files\GVFramework\LogicUnit">
      <UniqueIdentifier>{8308e341-0142-4258-8671-16777ba6f7d7}</UniqueIdentifier>
    </Filter>
    <Filter Include="Header Files\GVFramework\Scene">
      <UniqueIdentifier>{5239017e-f63d-4f47-bf49-f7057cfd8b64}</UniqueIdentifier>
    </Filter>
    <Filter Include="Source Files\MiniXml">
      <UniqueIdentifier>{ef9c3c49-7337-4f43-bf4d-8f7ee0a0941f}</UniqueIdentifier>
    </Filter>
    <Filter Include="Source Files\GVFramework">
      <UniqueIdentifier>{28c0a45c-5870-4349-a8c6-1463b2644235}</UniqueIdentifier>
    </Filter>
    <Filter Include="Source Files\Exporters">
      <UniqueIdentifier>{d8727bf1-1e5c-466f-9cde-3ec5348c83a7}</UniqueIdentifier>
    </Filter>
    <Filter Include="Source Files\GVFramework\Chunk">
      <UniqueIdentifier>{1adee61b-051d-4726-b9b8-b7c336693fef}</UniqueIdentifier>
    </Filter>
    <Filter Include="Source Files\GVFramework\Scene">
      <UniqueIdentifier>{4fd39d56-0a3d-477b-80ff-598e20455241}</UniqueIdentifier>
    </Filter>
    <Filter Include="Source Files\GVFramework\LogicUnit">
      <UniqueIdentifier>{83d3a5a7-7d50-403d-8a12-fae6f7483d72}</UniqueIdentifier>
    </Filter>
    <Filter Include="Source Files\imgui">
      <UniqueIdentifier>{49135d2d-36b4-4dfc-bc4f-df99bcc5e403}</UniqueIdentifier>
    </Filter>
    <Filter Include="Header Files\imgui">
      <UniqueIdentifier>{738099d2-decf-483b-8802-61da0268465b}</UniqueIdentifier>
    </Filter>
    <Filter Include="Source Files\GVStudio">
      <UniqueIdentifier>{d8d9ffb6-5a45-460b-a02e-e46eb68a5da4}</UniqueIdentifier>
    </Filter>
    <Filter Include="Header Files\GVStudio">
      <UniqueIdentifier>{88d16d70-fab0-4791-8045-993af89a59b3}</UniqueIdentifier>
    </Filter>
    <Filter Include="Header Files\Database">
      <UniqueIdentifier>{f09736e9-2306-4f71-bb7c-47aad334e439}</UniqueIdentifier>
    </Filter>
    <Filter Include="Source Files\Database">
      <UniqueIdentifier>{cd516946-9035-4d5b-9034-ce0b3f60ad28}</UniqueIdentifier>
    </Filter>
    <Filter Include="Source Files\Platform">
      <UniqueIdentifier>{9b18f2c5-4fe5-45ed-94d6-dccddf1ac586}</UniqueIdentifier>
    </Filter>
    <Filter Include="Header Files\Platform">
      <UniqueIdentifier>{116bd306-9371-48d2-8459-2a091db56c7a}</UniqueIdentifier>
    </Filter>
  </ItemGroup>
  <ItemGroup>
    <ClCompile Include="src\main.cpp">
      <Filter>Source Files</Filter>
    </ClCompile>
    <ClCompile Include="src\GVStudio\GVStudio.cpp">
      <Filter>Source Files\GVStudio</Filter>
    </ClCompile>
    <ClCompile Include="src\GVFramework\Scene\SceneManager.cpp">
      <Filter>Source Files\GVFramework\Scene</Filter>
    </ClCompile>
    <ClCompile Include="src\GVFramework\Scene\SceneObject.cpp">
      <Filter>Source Files\GVFramework\Scene</Filter>
    </ClCompile>
    <ClCompile Include="src\MiniXml\MiniXml.cpp">
      <Filter>Source Files\MiniXml</Filter>
    </ClCompile>
    <ClCompile Include="src\MiniXml\ObjectXml.cpp">
      <Filter>Source Files\MiniXml</Filter>
    </ClCompile>
    <ClCompile Include="src\MiniXml\SceneXml.cpp">
      <Filter>Source Files\MiniXml</Filter>
    </ClCompile>
    <ClCompile Include="src\GVFramework\LogicUnit\LogicUnitParser.cpp">
      <Filter>Source Files\GVFramework\LogicUnit</Filter>
    </ClCompile>
    <ClCompile Include="src\imgui\imgui.cpp">
      <Filter>Source Files\imgui</Filter>
    </ClCompile>
    <ClCompile Include="src\imgui\imgui_demo.cpp">
      <Filter>Source Files\imgui</Filter>
    </ClCompile>
    <ClCompile Include="src\imgui\imgui_draw.cpp">
      <Filter>Source Files\imgui</Filter>
    </ClCompile>
    <ClCompile Include="src\imgui\imgui_impl_opengl3.cpp">
      <Filter>Source Files\imgui</Filter>
    </ClCompile>
    <ClCompile Include="src\imgui\imgui_impl_sdl3.cpp">
      <Filter>Source Files\imgui</Filter>
    </ClCompile>
    <ClCompile Include="src\imgui\imgui_impl_win32.cpp">
      <Filter>Source Files\imgui</Filter>
    </ClCompile>
    <ClCompile Include="src\imgui\imgui_tables.cpp">
      <Filter>Source Files\imgui</Filter>
    </ClCompile>
    <ClCompile Include="src\imgui\imgui_widgets.cpp">
      <Filter>Source Files\imgui</Filter>
    </ClCompile>
    <ClCompile Include="src\Database\AssetDatabase.cpp">
      <Filter>Source Files\Database</Filter>
    </ClCompile>
    <ClCompile Include="src\Database\LogicUnitRegistry.cpp">
      <Filter>Source Files\Database</Filter>
    </ClCompile>
    <ClCompile Include="src\MiniXml\ProjectXml.cpp">
      <Filter>Source Files\MiniXml</Filter>
    </ClCompile>
    <ClCompile Include="src\Viewports\StartupDialog.cpp">
      <Filter>Source Files\Viewports</Filter>
    </ClCompile>
    <ClCompile Include="src\Platform\WindowsFileDialog.cpp">
      <Filter>Source Files\Platform</Filter>
    </ClCompile>
    <ClCompile Include="src\Database\ResourceDatabase.cpp">
      <Filter>Source Files\Database</Filter>
    </ClCompile>
  </ItemGroup>
  <ItemGroup>
    <ClInclude Include="include\GVStudio\GVStudio.h">
      <Filter>Header Files\GVStudio</Filter>
    </ClInclude>
    <ClInclude Include="include\GVFramework\Scene\SceneManager.h">
      <Filter>Header Files\GVFramework\Scene</Filter>
    </ClInclude>
    <ClInclude Include="include\GVFramework\LogicUnit\LogicUnit.h">
      <Filter>Header Files\GVFramework\LogicUnit</Filter>
    </ClInclude>
    <ClInclude Include="include\GVFramework\LogicUnit\LogicUnitMacros.h">
      <Filter>Header Files\GVFramework\LogicUnit</Filter>
    </ClInclude>
    <ClInclude Include="include\GVFramework\LogicUnit\LogicUnitParser.h">
      <Filter>Header Files\GVFramework\LogicUnit</Filter>
    </ClInclude>
    <ClInclude Include="include\GVFramework\Scene\SceneObject.h">
      <Filter>Header Files\GVFramework\Scene</Filter>
    </ClInclude>
    <ClInclude Include="include\MiniXml\MiniXml.h">
      <Filter>Header Files\MiniXml</Filter>
    </ClInclude>
    <ClInclude Include="include\MiniXml\ObjectXml.h">
      <Filter>Header Files\MiniXml</Filter>
    </ClInclude>
    <ClInclude Include="include\MiniXml\SceneXml.h">
      <Filter>Header Files\MiniXml</Filter>
    </ClInclude>
    <ClInclude Include="include\GVFramework\Chunk\Chunk.h">
      <Filter>Header Files\GVFramework\Chunk</Filter>
    </ClInclude>
    <ClInclude Include="include\imgui\imconfig.h">
      <Filter>Header Files\imgui</Filter>
    </ClInclude>
    <ClInclude Include="include\imgui\imgui.h">
      <Filter>Header Files\imgui</Filter>
    </ClInclude>
    <ClInclude Include="include\imgui\imgui_impl_allegro5.h">
      <Filter>Header Files\imgui</Filter>
    </ClInclude>
    <ClInclude Include="include\imgui\imgui_impl_android.h">
      <Filter>Header Files\imgui</Filter>
    </ClInclude>
    <ClInclude Include="include\imgui\imgui_impl_dx9.h">
      <Filter>Header Files\imgui</Filter>
    </ClInclude>
    <ClInclude Include="include\imgui\imgui_impl_dx10.h">
      <Filter>Header Files\imgui</Filter>
    </ClInclude>
    <ClInclude Include="include\imgui\imgui_impl_dx11.h">
      <Filter>Header Files\imgui</Filter>
    </ClInclude>
    <ClInclude Include="include\imgui\imgui_impl_dx12.h">
      <Filter>Header Files\imgui</Filter>
    </ClInclude>
    <ClInclude Include="include\imgui\imgui_impl_glfw.h">
      <Filter>Header Files\imgui</Filter>
    </ClInclude>
    <ClInclude Include="include\imgui\imgui_impl_glut.h">
      <Filter>Header Files\imgui</Filter>
    </ClInclude>
    <ClInclude Include="include\imgui\imgui_impl_metal.h">
      <Filter>Header Files\imgui</Filter>
    </ClInclude>
    <ClInclude Include="include\imgui\imgui_impl_opengl2.h">
      <Filter>Header Files\imgui</Filter>
    </ClInclude>
    <ClInclude Include="include\imgui\imgui_impl_opengl3.h">
      <Filter>Header Files\imgui</Filter>
    </ClInclude>
    <ClInclude Include="include\imgui\imgui_impl_opengl3_loader.h">
      <Filter>Header Files\imgui</Filter>
    </ClInclude>
    <ClInclude Include="include\imgui\imgui_impl_osx.h">
      <Filter>Header Files\imgui</Filter>
    </ClInclude>
    <ClInclude Include="include\imgui\imgui_impl_sdl2.h">
      <Filter>Header Files\imgui</Filter>
    </ClInclude>
    <ClInclude Include="include\imgui\imgui_impl_sdl3.h">
      <Filter>Header Files\imgui</Filter>
    </ClInclude>
    <ClInclude Include="include\imgui\imgui_impl_sdlgpu3.h">
      <Filter>Header Files\imgui</Filter>
    </ClInclude>
    <ClInclude Include="include\imgui\imgui_impl_sdlgpu3_shaders.h">
      <Filter>Header Files\imgui</Filter>
    </ClInclude>
    <ClInclude Include="include\imgui\imgui_impl_sdlrenderer2.h">
      <Filter>Header Files\imgui</Filter>
    </ClInclude>
    <ClInclude Include="include\imgui\imgui_impl_sdlrenderer3.h">
      <Filter>Header Files\imgui</Filter>
    </ClInclude>
    <ClInclude Include="include\imgui\imgui_impl_vulkan.h">
      <Filter>Header Files\imgui</Filter>
    </ClInclude>
    <ClInclude Include="include\imgui\imgui_impl_wgpu.h">
      <Filter>Header Files\imgui</Filter>
    </ClInclude>
    <ClInclude Include="include\imgui\imgui_impl_win32.h">
      <Filter>Header Files\imgui</Filter>
    </ClInclude>
    <ClInclude Include="include\imgui\imgui_internal.h">
      <Filter>Header Files\imgui</Filter>
    </ClInclude>
    <ClInclude Include="include\imgui\imstb_rectpack.h">
      <Filter>Header Files\imgui</Filter>
    </ClInclude>
    <ClInclude Include="include\imgui\imstb_textedit.h">
      <Filter>Header Files\imgui</Filter>
    </ClInclude>
    <ClInclude Include="include\imgui\imstb_truetype.h">
      <Filter>Header Files\imgui</Filter>
    </ClInclude>
    <ClInclude Include="include\Database\AssetDatabase.h">
      <Filter>Header Files\Database</Filter>
    </ClInclude>
    <ClInclude Include="include\Database\LogicUnitRegistry.h">
      <Filter>Header Files\Database</Filter>
    </ClInclude>
    <ClInclude Include="include\MiniXml\ProjectXml.h">
      <Filter>Header Files\MiniXml</Filter>
    </ClInclude>
    <ClInclude Include="include\Viewports\StartupDialog.h">
      <Filter>Header Files\Viewports</Filter>
    </ClInclude>
    <ClInclude Include="include\Platform\WindowsFileDialog.h">
      <Filter>Header Files\Platform</Filter>
    </ClInclude>
    <ClInclude Include="include\Database\ResourceDatabase.h">
      <Filter>Header Files\Database</Filter>
    </ClInclude>
  </ItemGroup>
</Project>